// !$*UTF8*$!
{
	archiveVersion = 1;
	classes = {
	};
	objectVersion = 55;
	objects = {

/* Begin PBXBuildFile section */
		131A709A28096AE500C8EFD4 /* Localizable.strings in Resources */ = {isa = PBXBuildFile; fileRef = 131A709C28096AE500C8EFD4 /* Localizable.strings */; };
		132E352C283392F80055672E /* CountryListPresenterTests.swift in Sources */ = {isa = PBXBuildFile; fileRef = 132E352B283392F80055672E /* CountryListPresenterTests.swift */; };
		132E352E2833A4410055672E /* MockCountryListDisplayLogic.swift in Sources */ = {isa = PBXBuildFile; fileRef = 132E352D2833A4410055672E /* MockCountryListDisplayLogic.swift */; };
		132E35322833B7440055672E /* CountryDetailsPresenterTests.swift in Sources */ = {isa = PBXBuildFile; fileRef = 132E35312833B7440055672E /* CountryDetailsPresenterTests.swift */; };
		132E35342833B7780055672E /* MockCountryDetailsDisplayLogic.swift in Sources */ = {isa = PBXBuildFile; fileRef = 132E35332833B7780055672E /* MockCountryDetailsDisplayLogic.swift */; };
		132E353A2833E1810055672E /* CoreDataManagerTests.swift in Sources */ = {isa = PBXBuildFile; fileRef = 132E35392833E1810055672E /* CoreDataManagerTests.swift */; };
		132E353C283628EE0055672E /* NetworkServiceTests.swift in Sources */ = {isa = PBXBuildFile; fileRef = 132E353B283628EE0055672E /* NetworkServiceTests.swift */; };
		132E353E283640700055672E /* MockURLSession.swift in Sources */ = {isa = PBXBuildFile; fileRef = 132E353D2836406F0055672E /* MockURLSession.swift */; };
		132E3540283640FF0055672E /* MockURLSessionDataTask.swift in Sources */ = {isa = PBXBuildFile; fileRef = 132E353F283640FF0055672E /* MockURLSessionDataTask.swift */; };
		132E35422836431E0055672E /* URLSession.swift in Sources */ = {isa = PBXBuildFile; fileRef = 132E35412836431E0055672E /* URLSession.swift */; };
		132E35442836438A0055672E /* URLSessionDataTask.swift in Sources */ = {isa = PBXBuildFile; fileRef = 132E35432836438A0055672E /* URLSessionDataTask.swift */; };
		132E354928368EE90055672E /* RouterTests.swift in Sources */ = {isa = PBXBuildFile; fileRef = 132E354828368EE80055672E /* RouterTests.swift */; };
		132E354B2836936E0055672E /* MockNavigationController.swift in Sources */ = {isa = PBXBuildFile; fileRef = 132E354A2836936E0055672E /* MockNavigationController.swift */; };
		132E354D28369A520055672E /* NetworkDataFetcherTests.swift in Sources */ = {isa = PBXBuildFile; fileRef = 132E354C28369A520055672E /* NetworkDataFetcherTests.swift */; };
		132E354F283790690055672E /* CountryInformationTests.swift in Sources */ = {isa = PBXBuildFile; fileRef = 132E354E283790680055672E /* CountryInformationTests.swift */; };
		13562B31281AC81F00FAEC00 /* SpinnerView.swift in Sources */ = {isa = PBXBuildFile; fileRef = 13562B30281AC81F00FAEC00 /* SpinnerView.swift */; };
		137A9C7227FB749600282214 /* AppDelegate.swift in Sources */ = {isa = PBXBuildFile; fileRef = 137A9C7127FB749600282214 /* AppDelegate.swift */; };
		137A9C7427FB749600282214 /* SceneDelegate.swift in Sources */ = {isa = PBXBuildFile; fileRef = 137A9C7327FB749600282214 /* SceneDelegate.swift */; };
		137A9C7627FB749600282214 /* CountriesListViewController.swift in Sources */ = {isa = PBXBuildFile; fileRef = 137A9C7527FB749600282214 /* CountriesListViewController.swift */; };
		137A9C7C27FB749600282214 /* CountriesApp.xcdatamodeld in Sources */ = {isa = PBXBuildFile; fileRef = 137A9C7A27FB749600282214 /* CountriesApp.xcdatamodeld */; };
		137A9C7E27FB749800282214 /* Assets.xcassets in Resources */ = {isa = PBXBuildFile; fileRef = 137A9C7D27FB749800282214 /* Assets.xcassets */; };
		137A9C8127FB749800282214 /* LaunchScreen.storyboard in Resources */ = {isa = PBXBuildFile; fileRef = 137A9C7F27FB749800282214 /* LaunchScreen.storyboard */; };
		137A9C8927FB791300282214 /* CountriesListPresenter.swift in Sources */ = {isa = PBXBuildFile; fileRef = 137A9C8827FB791300282214 /* CountriesListPresenter.swift */; };
		137A9C8F27FB798600282214 /* CountryDetailsPresenter.swift in Sources */ = {isa = PBXBuildFile; fileRef = 137A9C8E27FB798600282214 /* CountryDetailsPresenter.swift */; };
		137A9C9227FB7B4D00282214 /* Country.swift in Sources */ = {isa = PBXBuildFile; fileRef = 137A9C9127FB7B4D00282214 /* Country.swift */; };
		1383D28A280EDEA100A99620 /* CoreDataManager.swift in Sources */ = {isa = PBXBuildFile; fileRef = 1383D289280EDEA100A99620 /* CoreDataManager.swift */; };
		1383D2B5280FF6E500A99620 /* CountryData+CoreDataClass.swift in Sources */ = {isa = PBXBuildFile; fileRef = 1383D2B1280FF6E500A99620 /* CountryData+CoreDataClass.swift */; };
		1383D2B6280FF6E500A99620 /* CountryData+CoreDataProperties.swift in Sources */ = {isa = PBXBuildFile; fileRef = 1383D2B2280FF6E500A99620 /* CountryData+CoreDataProperties.swift */; };
		1383D2B7280FF6E500A99620 /* CountryImages+CoreDataClass.swift in Sources */ = {isa = PBXBuildFile; fileRef = 1383D2B3280FF6E500A99620 /* CountryImages+CoreDataClass.swift */; };
		1383D2B8280FF6E500A99620 /* CountryImages+CoreDataProperties.swift in Sources */ = {isa = PBXBuildFile; fileRef = 1383D2B4280FF6E500A99620 /* CountryImages+CoreDataProperties.swift */; };
		13AB43B32808752C00BE812D /* CacheManager.swift in Sources */ = {isa = PBXBuildFile; fileRef = 13AB43B22808752C00BE812D /* CacheManager.swift */; };
		13AB43B72808A1CC00BE812D /* String+Localization.swift in Sources */ = {isa = PBXBuildFile; fileRef = 13AB43B62808A1CC00BE812D /* String+Localization.swift */; };
		13C8270C283CDA940055585A /* CountryViewData.swift in Sources */ = {isa = PBXBuildFile; fileRef = 13C8270B283CDA940055585A /* CountryViewData.swift */; };
		13C8270F283CE7BF0055585A /* ImageManagerTests.swift in Sources */ = {isa = PBXBuildFile; fileRef = 13C8270E283CE7BF0055585A /* ImageManagerTests.swift */; };
		13C82711283D13650055585A /* CacheManagerTests.swift in Sources */ = {isa = PBXBuildFile; fileRef = 13C82710283D13650055585A /* CacheManagerTests.swift */; };
		13C82713283D28950055585A /* UIImageViewTests.swift in Sources */ = {isa = PBXBuildFile; fileRef = 13C82712283D28950055585A /* UIImageViewTests.swift */; };
		13DB8A6E283E210A009DA207 /* CountryInformation.swift in Sources */ = {isa = PBXBuildFile; fileRef = 13DB8A6D283E210A009DA207 /* CountryInformation.swift */; };
		13DB8A70283E6CB3009DA207 /* MockJSONData.json in Resources */ = {isa = PBXBuildFile; fileRef = 13DB8A6F283E6915009DA207 /* MockJSONData.json */; };
		13DB8A71283E6CE1009DA207 /* MockJSONData.json in Resources */ = {isa = PBXBuildFile; fileRef = 13DB8A6F283E6915009DA207 /* MockJSONData.json */; };
		13DB8A7B283EA7AF009DA207 /* Bundle+LoadJSONData.swift in Sources */ = {isa = PBXBuildFile; fileRef = 13DB8A7A283EA7AF009DA207 /* Bundle+LoadJSONData.swift */; };
		13E1641627FD7DAE0060F58C /* CountryViewData.swift in Sources */ = {isa = PBXBuildFile; fileRef = 13E1641527FD7DAE0060F58C /* CountryViewData.swift */; };
		13E1641927FD85840060F58C /* ImageManager.swift in Sources */ = {isa = PBXBuildFile; fileRef = 13E1641827FD85840060F58C /* ImageManager.swift */; };
		13E1641B27FD895C0060F58C /* UIImageView+Load.swift in Sources */ = {isa = PBXBuildFile; fileRef = 13E1641A27FD895B0060F58C /* UIImageView+Load.swift */; };
		13E1641E27FDA17F0060F58C /* CountryDetailsViewController.swift in Sources */ = {isa = PBXBuildFile; fileRef = 13E1641C27FDA17F0060F58C /* CountryDetailsViewController.swift */; };
		13E1641F27FDA17F0060F58C /* CountryDetailsViewController.xib in Resources */ = {isa = PBXBuildFile; fileRef = 13E1641D27FDA17F0060F58C /* CountryDetailsViewController.xib */; };
		13E1642227FDBB260060F58C /* CountryDetailsCollectionViewCell.swift in Sources */ = {isa = PBXBuildFile; fileRef = 13E1642027FDBB260060F58C /* CountryDetailsCollectionViewCell.swift */; };
		13E1642327FDBB260060F58C /* CountryDetailsCollectionViewCell.xib in Resources */ = {isa = PBXBuildFile; fileRef = 13E1642127FDBB260060F58C /* CountryDetailsCollectionViewCell.xib */; };
		13E1642D27FDFCD80060F58C /* InformationCell.swift in Sources */ = {isa = PBXBuildFile; fileRef = 13E1642B27FDFCD80060F58C /* InformationCell.swift */; };
		13E1642E27FDFCD80060F58C /* InformationCell.xib in Resources */ = {isa = PBXBuildFile; fileRef = 13E1642C27FDFCD80060F58C /* InformationCell.xib */; };
		13E16456280042E50060F58C /* API.swift in Sources */ = {isa = PBXBuildFile; fileRef = 13E16455280042E50060F58C /* API.swift */; };
		13E2FDBE27FC3FD500B88326 /* NetworkDataFetcher.swift in Sources */ = {isa = PBXBuildFile; fileRef = 13E2FDBD27FC3FD500B88326 /* NetworkDataFetcher.swift */; };
		13E2FDFC27FC871100B88326 /* NetworkService.swift in Sources */ = {isa = PBXBuildFile; fileRef = 13E2FDFB27FC871100B88326 /* NetworkService.swift */; };
		13E2FDFF27FC8ABC00B88326 /* CountriesListViewController.xib in Resources */ = {isa = PBXBuildFile; fileRef = 13E2FDFE27FC8ABC00B88326 /* CountriesListViewController.xib */; };
		13E2FE0127FC8D5F00B88326 /* AssemblyBuilder.swift in Sources */ = {isa = PBXBuildFile; fileRef = 13E2FE0027FC8D5F00B88326 /* AssemblyBuilder.swift */; };
		13E2FE0327FC8DB600B88326 /* Router.swift in Sources */ = {isa = PBXBuildFile; fileRef = 13E2FE0227FC8DB600B88326 /* Router.swift */; };
		13E2FE0627FC98E600B88326 /* CountryCell.swift in Sources */ = {isa = PBXBuildFile; fileRef = 13E2FE0427FC98E600B88326 /* CountryCell.swift */; };
		13E2FE0727FC98E600B88326 /* CountryCell.xib in Resources */ = {isa = PBXBuildFile; fileRef = 13E2FE0527FC98E600B88326 /* CountryCell.xib */; };
		13EA9FCD283D38CE00D12126 /* MockRouter.swift in Sources */ = {isa = PBXBuildFile; fileRef = 13EA9FCC283D38CE00D12126 /* MockRouter.swift */; };
/* End PBXBuildFile section */

/* Begin PBXContainerItemProxy section */
		132E3521283272610055672E /* PBXContainerItemProxy */ = {
			isa = PBXContainerItemProxy;
			containerPortal = 137A9C6627FB749500282214 /* Project object */;
			proxyType = 1;
			remoteGlobalIDString = 137A9C6D27FB749600282214;
			remoteInfo = CountriesApp;
		};
/* End PBXContainerItemProxy section */

/* Begin PBXFileReference section */
		131A709B28096AE500C8EFD4 /* en */ = {isa = PBXFileReference; lastKnownFileType = text.plist.strings; name = en; path = en.lproj/Localizable.strings; sourceTree = "<group>"; };
		131A709D28096B0100C8EFD4 /* ru */ = {isa = PBXFileReference; lastKnownFileType = text.plist.strings; name = ru; path = ru.lproj/Localizable.strings; sourceTree = "<group>"; };
		131A709E28099E0900C8EFD4 /* README.md */ = {isa = PBXFileReference; lastKnownFileType = net.daringfireball.markdown; path = README.md; sourceTree = "<group>"; };
		132E351D283272610055672E /* CountriesAppTests.xctest */ = {isa = PBXFileReference; explicitFileType = wrapper.cfbundle; includeInIndex = 0; path = CountriesAppTests.xctest; sourceTree = BUILT_PRODUCTS_DIR; };
		132E352B283392F80055672E /* CountryListPresenterTests.swift */ = {isa = PBXFileReference; lastKnownFileType = sourcecode.swift; path = CountryListPresenterTests.swift; sourceTree = "<group>"; };
		132E352D2833A4410055672E /* MockCountryListDisplayLogic.swift */ = {isa = PBXFileReference; lastKnownFileType = sourcecode.swift; path = MockCountryListDisplayLogic.swift; sourceTree = "<group>"; };
		132E35312833B7440055672E /* CountryDetailsPresenterTests.swift */ = {isa = PBXFileReference; lastKnownFileType = sourcecode.swift; path = CountryDetailsPresenterTests.swift; sourceTree = "<group>"; };
		132E35332833B7780055672E /* MockCountryDetailsDisplayLogic.swift */ = {isa = PBXFileReference; lastKnownFileType = sourcecode.swift; path = MockCountryDetailsDisplayLogic.swift; sourceTree = "<group>"; };
		132E35392833E1810055672E /* CoreDataManagerTests.swift */ = {isa = PBXFileReference; lastKnownFileType = sourcecode.swift; path = CoreDataManagerTests.swift; sourceTree = "<group>"; };
		132E353B283628EE0055672E /* NetworkServiceTests.swift */ = {isa = PBXFileReference; lastKnownFileType = sourcecode.swift; path = NetworkServiceTests.swift; sourceTree = "<group>"; };
		132E353D2836406F0055672E /* MockURLSession.swift */ = {isa = PBXFileReference; lastKnownFileType = sourcecode.swift; path = MockURLSession.swift; sourceTree = "<group>"; };
		132E353F283640FF0055672E /* MockURLSessionDataTask.swift */ = {isa = PBXFileReference; lastKnownFileType = sourcecode.swift; path = MockURLSessionDataTask.swift; sourceTree = "<group>"; };
		132E35412836431E0055672E /* URLSession.swift */ = {isa = PBXFileReference; lastKnownFileType = sourcecode.swift; path = URLSession.swift; sourceTree = "<group>"; };
		132E35432836438A0055672E /* URLSessionDataTask.swift */ = {isa = PBXFileReference; lastKnownFileType = sourcecode.swift; path = URLSessionDataTask.swift; sourceTree = "<group>"; };
		132E354828368EE80055672E /* RouterTests.swift */ = {isa = PBXFileReference; lastKnownFileType = sourcecode.swift; path = RouterTests.swift; sourceTree = "<group>"; };
		132E354A2836936E0055672E /* MockNavigationController.swift */ = {isa = PBXFileReference; lastKnownFileType = sourcecode.swift; path = MockNavigationController.swift; sourceTree = "<group>"; };
		132E354C28369A520055672E /* NetworkDataFetcherTests.swift */ = {isa = PBXFileReference; lastKnownFileType = sourcecode.swift; path = NetworkDataFetcherTests.swift; sourceTree = "<group>"; };
		132E354E283790680055672E /* CountryInformationTests.swift */ = {isa = PBXFileReference; lastKnownFileType = sourcecode.swift; path = CountryInformationTests.swift; sourceTree = "<group>"; };
		13562B30281AC81F00FAEC00 /* SpinnerView.swift */ = {isa = PBXFileReference; lastKnownFileType = sourcecode.swift; path = SpinnerView.swift; sourceTree = "<group>"; };
		137A9C6E27FB749600282214 /* CountriesApp.app */ = {isa = PBXFileReference; explicitFileType = wrapper.application; includeInIndex = 0; path = CountriesApp.app; sourceTree = BUILT_PRODUCTS_DIR; };
		137A9C7127FB749600282214 /* AppDelegate.swift */ = {isa = PBXFileReference; lastKnownFileType = sourcecode.swift; path = AppDelegate.swift; sourceTree = "<group>"; };
		137A9C7327FB749600282214 /* SceneDelegate.swift */ = {isa = PBXFileReference; lastKnownFileType = sourcecode.swift; path = SceneDelegate.swift; sourceTree = "<group>"; };
		137A9C7527FB749600282214 /* CountriesListViewController.swift */ = {isa = PBXFileReference; lastKnownFileType = sourcecode.swift; path = CountriesListViewController.swift; sourceTree = "<group>"; };
		137A9C7B27FB749600282214 /* CountriesApp.xcdatamodel */ = {isa = PBXFileReference; lastKnownFileType = wrapper.xcdatamodel; path = CountriesApp.xcdatamodel; sourceTree = "<group>"; };
		137A9C7D27FB749800282214 /* Assets.xcassets */ = {isa = PBXFileReference; lastKnownFileType = folder.assetcatalog; path = Assets.xcassets; sourceTree = "<group>"; };
		137A9C8027FB749800282214 /* Base */ = {isa = PBXFileReference; lastKnownFileType = file.storyboard; name = Base; path = Base.lproj/LaunchScreen.storyboard; sourceTree = "<group>"; };
		137A9C8227FB749800282214 /* Info.plist */ = {isa = PBXFileReference; lastKnownFileType = text.plist.xml; path = Info.plist; sourceTree = "<group>"; };
		137A9C8827FB791300282214 /* CountriesListPresenter.swift */ = {isa = PBXFileReference; lastKnownFileType = sourcecode.swift; path = CountriesListPresenter.swift; sourceTree = "<group>"; };
		137A9C8E27FB798600282214 /* CountryDetailsPresenter.swift */ = {isa = PBXFileReference; lastKnownFileType = sourcecode.swift; path = CountryDetailsPresenter.swift; sourceTree = "<group>"; };
		137A9C9127FB7B4D00282214 /* Country.swift */ = {isa = PBXFileReference; lastKnownFileType = sourcecode.swift; path = Country.swift; sourceTree = "<group>"; };
		1383D289280EDEA100A99620 /* CoreDataManager.swift */ = {isa = PBXFileReference; lastKnownFileType = sourcecode.swift; path = CoreDataManager.swift; sourceTree = "<group>"; };
		1383D2B1280FF6E500A99620 /* CountryData+CoreDataClass.swift */ = {isa = PBXFileReference; lastKnownFileType = sourcecode.swift; path = "CountryData+CoreDataClass.swift"; sourceTree = "<group>"; };
		1383D2B2280FF6E500A99620 /* CountryData+CoreDataProperties.swift */ = {isa = PBXFileReference; lastKnownFileType = sourcecode.swift; path = "CountryData+CoreDataProperties.swift"; sourceTree = "<group>"; };
		1383D2B3280FF6E500A99620 /* CountryImages+CoreDataClass.swift */ = {isa = PBXFileReference; lastKnownFileType = sourcecode.swift; path = "CountryImages+CoreDataClass.swift"; sourceTree = "<group>"; };
		1383D2B4280FF6E500A99620 /* CountryImages+CoreDataProperties.swift */ = {isa = PBXFileReference; lastKnownFileType = sourcecode.swift; path = "CountryImages+CoreDataProperties.swift"; sourceTree = "<group>"; };
		13AB43B22808752C00BE812D /* CacheManager.swift */ = {isa = PBXFileReference; lastKnownFileType = sourcecode.swift; path = CacheManager.swift; sourceTree = "<group>"; };
		13AB43B62808A1CC00BE812D /* String+Localization.swift */ = {isa = PBXFileReference; lastKnownFileType = sourcecode.swift; path = "String+Localization.swift"; sourceTree = "<group>"; };
		13C8270B283CDA940055585A /* CountryViewData.swift */ = {isa = PBXFileReference; lastKnownFileType = sourcecode.swift; path = CountryViewData.swift; sourceTree = "<group>"; };
		13C8270E283CE7BF0055585A /* ImageManagerTests.swift */ = {isa = PBXFileReference; lastKnownFileType = sourcecode.swift; path = ImageManagerTests.swift; sourceTree = "<group>"; };
		13C82710283D13650055585A /* CacheManagerTests.swift */ = {isa = PBXFileReference; lastKnownFileType = sourcecode.swift; path = CacheManagerTests.swift; sourceTree = "<group>"; };
		13C82712283D28950055585A /* UIImageViewTests.swift */ = {isa = PBXFileReference; lastKnownFileType = sourcecode.swift; path = UIImageViewTests.swift; sourceTree = "<group>"; };
		13DB8A6D283E210A009DA207 /* CountryInformation.swift */ = {isa = PBXFileReference; lastKnownFileType = sourcecode.swift; path = CountryInformation.swift; sourceTree = "<group>"; };
		13DB8A6F283E6915009DA207 /* MockJSONData.json */ = {isa = PBXFileReference; lastKnownFileType = text.json; path = MockJSONData.json; sourceTree = "<group>"; };
		13DB8A7A283EA7AF009DA207 /* Bundle+LoadJSONData.swift */ = {isa = PBXFileReference; lastKnownFileType = sourcecode.swift; path = "Bundle+LoadJSONData.swift"; sourceTree = "<group>"; };
		13E1641527FD7DAE0060F58C /* CountryViewData.swift */ = {isa = PBXFileReference; lastKnownFileType = sourcecode.swift; path = CountryViewData.swift; sourceTree = "<group>"; };
		13E1641827FD85840060F58C /* ImageManager.swift */ = {isa = PBXFileReference; lastKnownFileType = sourcecode.swift; path = ImageManager.swift; sourceTree = "<group>"; };
		13E1641A27FD895B0060F58C /* UIImageView+Load.swift */ = {isa = PBXFileReference; lastKnownFileType = sourcecode.swift; path = "UIImageView+Load.swift"; sourceTree = "<group>"; };
		13E1641C27FDA17F0060F58C /* CountryDetailsViewController.swift */ = {isa = PBXFileReference; lastKnownFileType = sourcecode.swift; path = CountryDetailsViewController.swift; sourceTree = "<group>"; };
		13E1641D27FDA17F0060F58C /* CountryDetailsViewController.xib */ = {isa = PBXFileReference; lastKnownFileType = file.xib; path = CountryDetailsViewController.xib; sourceTree = "<group>"; };
		13E1642027FDBB260060F58C /* CountryDetailsCollectionViewCell.swift */ = {isa = PBXFileReference; lastKnownFileType = sourcecode.swift; path = CountryDetailsCollectionViewCell.swift; sourceTree = "<group>"; };
		13E1642127FDBB260060F58C /* CountryDetailsCollectionViewCell.xib */ = {isa = PBXFileReference; lastKnownFileType = file.xib; path = CountryDetailsCollectionViewCell.xib; sourceTree = "<group>"; };
		13E1642B27FDFCD80060F58C /* InformationCell.swift */ = {isa = PBXFileReference; lastKnownFileType = sourcecode.swift; path = InformationCell.swift; sourceTree = "<group>"; };
		13E1642C27FDFCD80060F58C /* InformationCell.xib */ = {isa = PBXFileReference; lastKnownFileType = file.xib; path = InformationCell.xib; sourceTree = "<group>"; };
		13E16455280042E50060F58C /* API.swift */ = {isa = PBXFileReference; lastKnownFileType = sourcecode.swift; path = API.swift; sourceTree = "<group>"; };
		13E2FDBD27FC3FD500B88326 /* NetworkDataFetcher.swift */ = {isa = PBXFileReference; lastKnownFileType = sourcecode.swift; path = NetworkDataFetcher.swift; sourceTree = "<group>"; };
		13E2FDFB27FC871100B88326 /* NetworkService.swift */ = {isa = PBXFileReference; lastKnownFileType = sourcecode.swift; path = NetworkService.swift; sourceTree = "<group>"; };
		13E2FDFE27FC8ABC00B88326 /* CountriesListViewController.xib */ = {isa = PBXFileReference; lastKnownFileType = file.xib; path = CountriesListViewController.xib; sourceTree = "<group>"; };
		13E2FE0027FC8D5F00B88326 /* AssemblyBuilder.swift */ = {isa = PBXFileReference; lastKnownFileType = sourcecode.swift; path = AssemblyBuilder.swift; sourceTree = "<group>"; };
		13E2FE0227FC8DB600B88326 /* Router.swift */ = {isa = PBXFileReference; lastKnownFileType = sourcecode.swift; path = Router.swift; sourceTree = "<group>"; };
		13E2FE0427FC98E600B88326 /* CountryCell.swift */ = {isa = PBXFileReference; lastKnownFileType = sourcecode.swift; path = CountryCell.swift; sourceTree = "<group>"; };
		13E2FE0527FC98E600B88326 /* CountryCell.xib */ = {isa = PBXFileReference; lastKnownFileType = file.xib; path = CountryCell.xib; sourceTree = "<group>"; };
		13EA9FCC283D38CE00D12126 /* MockRouter.swift */ = {isa = PBXFileReference; lastKnownFileType = sourcecode.swift; path = MockRouter.swift; sourceTree = "<group>"; };
/* End PBXFileReference section */

/* Begin PBXFrameworksBuildPhase section */
		132E351A283272610055672E /* Frameworks */ = {
			isa = PBXFrameworksBuildPhase;
			buildActionMask = 2147483647;
			files = (
			);
			runOnlyForDeploymentPostprocessing = 0;
		};
		137A9C6B27FB749600282214 /* Frameworks */ = {
			isa = PBXFrameworksBuildPhase;
			buildActionMask = 2147483647;
			files = (
			);
			runOnlyForDeploymentPostprocessing = 0;
		};
/* End PBXFrameworksBuildPhase section */

/* Begin PBXGroup section */
		132E351E283272610055672E /* CountriesAppTests */ = {
			isa = PBXGroup;
			children = (
				132E354828368EE80055672E /* RouterTests.swift */,
				132E354628366B840055672E /* ServiceLayer */,
				132E352A283392CF0055672E /* CountryList */,
				132E3529283392B60055672E /* CountryDetails */,
				13C8270D283CDA9B0055585A /* Extentions */,
				132E35502837BE9E0055672E /* TestDoubles */,
				13DB8A6F283E6915009DA207 /* MockJSONData.json */,
				13DB8A7A283EA7AF009DA207 /* Bundle+LoadJSONData.swift */,
			);
			path = CountriesAppTests;
			sourceTree = "<group>";
		};
		132E3529283392B60055672E /* CountryDetails */ = {
			isa = PBXGroup;
			children = (
				132E354E283790680055672E /* CountryInformationTests.swift */,
				132E35312833B7440055672E /* CountryDetailsPresenterTests.swift */,
			);
			path = CountryDetails;
			sourceTree = "<group>";
		};
		132E352A283392CF0055672E /* CountryList */ = {
			isa = PBXGroup;
			children = (
				132E352B283392F80055672E /* CountryListPresenterTests.swift */,
			);
			path = CountryList;
			sourceTree = "<group>";
		};
		132E354628366B840055672E /* ServiceLayer */ = {
			isa = PBXGroup;
			children = (
				132E35392833E1810055672E /* CoreDataManagerTests.swift */,
				13C82710283D13650055585A /* CacheManagerTests.swift */,
				132E353B283628EE0055672E /* NetworkServiceTests.swift */,
				132E354C28369A520055672E /* NetworkDataFetcherTests.swift */,
				13C8270E283CE7BF0055585A /* ImageManagerTests.swift */,
			);
			path = ServiceLayer;
			sourceTree = "<group>";
		};
		132E35502837BE9E0055672E /* TestDoubles */ = {
			isa = PBXGroup;
			children = (
				132E35512837BEA60055672E /* Mocks */,
			);
			path = TestDoubles;
			sourceTree = "<group>";
		};
		132E35512837BEA60055672E /* Mocks */ = {
			isa = PBXGroup;
			children = (
				132E353D2836406F0055672E /* MockURLSession.swift */,
				132E353F283640FF0055672E /* MockURLSessionDataTask.swift */,
				132E354A2836936E0055672E /* MockNavigationController.swift */,
				13EA9FCC283D38CE00D12126 /* MockRouter.swift */,
				132E35332833B7780055672E /* MockCountryDetailsDisplayLogic.swift */,
				132E352D2833A4410055672E /* MockCountryListDisplayLogic.swift */,
				13C8270B283CDA940055585A /* CountryViewData.swift */,
			);
			path = Mocks;
			sourceTree = "<group>";
		};
		13562B2D281A9EF400FAEC00 /* Model */ = {
			isa = PBXGroup;
			children = (
				13DB8A6D283E210A009DA207 /* CountryInformation.swift */,
			);
			path = Model;
			sourceTree = "<group>";
		};
		137A9C6527FB749500282214 = {
			isa = PBXGroup;
			children = (
				131A709E28099E0900C8EFD4 /* README.md */,
				137A9C7027FB749600282214 /* CountriesApp */,
				132E351E283272610055672E /* CountriesAppTests */,
				137A9C6F27FB749600282214 /* Products */,
			);
			sourceTree = "<group>";
		};
		137A9C6F27FB749600282214 /* Products */ = {
			isa = PBXGroup;
			children = (
				137A9C6E27FB749600282214 /* CountriesApp.app */,
				132E351D283272610055672E /* CountriesAppTests.xctest */,
			);
			name = Products;
			sourceTree = "<group>";
		};
		137A9C7027FB749600282214 /* CountriesApp */ = {
			isa = PBXGroup;
			children = (
				13E2FE0027FC8D5F00B88326 /* AssemblyBuilder.swift */,
				13E2FE0227FC8DB600B88326 /* Router.swift */,
				13E2FDFD27FC872200B88326 /* ServiceLayer */,
				137A9C8B27FB794C00282214 /* CountryDetails */,
				137A9C8A27FB793200282214 /* CountriesList */,
				13E1645728006A070060F58C /* Extensions */,
				1383D28B280EE00100A99620 /* Resources */,
				137A9C7127FB749600282214 /* AppDelegate.swift */,
				137A9C7327FB749600282214 /* SceneDelegate.swift */,
				137A9C7F27FB749800282214 /* LaunchScreen.storyboard */,
				137A9C8227FB749800282214 /* Info.plist */,
				137A9C7A27FB749600282214 /* CountriesApp.xcdatamodeld */,
				131A709C28096AE500C8EFD4 /* Localizable.strings */,
			);
			path = CountriesApp;
			sourceTree = "<group>";
		};
		137A9C8A27FB793200282214 /* CountriesList */ = {
			isa = PBXGroup;
			children = (
				13E2FDF927FC865F00B88326 /* View */,
				13E2FDFA27FC866800B88326 /* Presenter */,
				13E1641727FD7DBA0060F58C /* Model */,
			);
			path = CountriesList;
			sourceTree = "<group>";
		};
		137A9C8B27FB794C00282214 /* CountryDetails */ = {
			isa = PBXGroup;
			children = (
				13E1642527FDBB3A0060F58C /* View */,
				13E1642427FDBB300060F58C /* Presenter */,
				13562B2D281A9EF400FAEC00 /* Model */,
			);
			path = CountryDetails;
			sourceTree = "<group>";
		};
		137A9C9027FB79BE00282214 /* Models */ = {
			isa = PBXGroup;
			children = (
				137A9C9127FB7B4D00282214 /* Country.swift */,
			);
			path = Models;
			sourceTree = "<group>";
		};
		1383D28B280EE00100A99620 /* Resources */ = {
			isa = PBXGroup;
			children = (
				137A9C7D27FB749800282214 /* Assets.xcassets */,
			);
			path = Resources;
			sourceTree = "<group>";
		};
		1383D290280EE17A00A99620 /* CoreData Entities */ = {
			isa = PBXGroup;
			children = (
				1383D2B1280FF6E500A99620 /* CountryData+CoreDataClass.swift */,
				1383D2B2280FF6E500A99620 /* CountryData+CoreDataProperties.swift */,
				1383D2B3280FF6E500A99620 /* CountryImages+CoreDataClass.swift */,
				1383D2B4280FF6E500A99620 /* CountryImages+CoreDataProperties.swift */,
			);
			path = "CoreData Entities";
			sourceTree = "<group>";
		};
		13C8270D283CDA9B0055585A /* Extentions */ = {
			isa = PBXGroup;
			children = (
				13C82712283D28950055585A /* UIImageViewTests.swift */,
			);
			path = Extentions;
			sourceTree = "<group>";
		};
		13E1641727FD7DBA0060F58C /* Model */ = {
			isa = PBXGroup;
			children = (
				13E1641527FD7DAE0060F58C /* CountryViewData.swift */,
			);
			path = Model;
			sourceTree = "<group>";
		};
		13E1642427FDBB300060F58C /* Presenter */ = {
			isa = PBXGroup;
			children = (
				137A9C8E27FB798600282214 /* CountryDetailsPresenter.swift */,
			);
			path = Presenter;
			sourceTree = "<group>";
		};
		13E1642527FDBB3A0060F58C /* View */ = {
			isa = PBXGroup;
			children = (
				13E1642927FDFC6E0060F58C /* ImagesCollectionViewCell */,
				13E1642A27FDFC9A0060F58C /* InformationCell */,
				13E1641C27FDA17F0060F58C /* CountryDetailsViewController.swift */,
				13E1641D27FDA17F0060F58C /* CountryDetailsViewController.xib */,
			);
			path = View;
			sourceTree = "<group>";
		};
		13E1642927FDFC6E0060F58C /* ImagesCollectionViewCell */ = {
			isa = PBXGroup;
			children = (
				13E1642027FDBB260060F58C /* CountryDetailsCollectionViewCell.swift */,
				13E1642127FDBB260060F58C /* CountryDetailsCollectionViewCell.xib */,
			);
			path = ImagesCollectionViewCell;
			sourceTree = "<group>";
		};
		13E1642A27FDFC9A0060F58C /* InformationCell */ = {
			isa = PBXGroup;
			children = (
				13E1642B27FDFCD80060F58C /* InformationCell.swift */,
				13E1642C27FDFCD80060F58C /* InformationCell.xib */,
			);
			path = InformationCell;
			sourceTree = "<group>";
		};
		13E1642F27FE11B30060F58C /* CountryCell */ = {
			isa = PBXGroup;
			children = (
				13E2FE0427FC98E600B88326 /* CountryCell.swift */,
				13E2FE0527FC98E600B88326 /* CountryCell.xib */,
			);
			path = CountryCell;
			sourceTree = "<group>";
		};
		13E1645728006A070060F58C /* Extensions */ = {
			isa = PBXGroup;
			children = (
				13E1641A27FD895B0060F58C /* UIImageView+Load.swift */,
				13AB43B62808A1CC00BE812D /* String+Localization.swift */,
				132E35412836431E0055672E /* URLSession.swift */,
				132E35432836438A0055672E /* URLSessionDataTask.swift */,
			);
			path = Extensions;
			sourceTree = "<group>";
		};
		13E2FDF927FC865F00B88326 /* View */ = {
			isa = PBXGroup;
			children = (
				137A9C7527FB749600282214 /* CountriesListViewController.swift */,
				13E2FDFE27FC8ABC00B88326 /* CountriesListViewController.xib */,
				13E1642F27FE11B30060F58C /* CountryCell */,
				13562B30281AC81F00FAEC00 /* SpinnerView.swift */,
			);
			path = View;
			sourceTree = "<group>";
		};
		13E2FDFA27FC866800B88326 /* Presenter */ = {
			isa = PBXGroup;
			children = (
				137A9C8827FB791300282214 /* CountriesListPresenter.swift */,
			);
			path = Presenter;
			sourceTree = "<group>";
		};
		13E2FDFD27FC872200B88326 /* ServiceLayer */ = {
			isa = PBXGroup;
			children = (
				1383D290280EE17A00A99620 /* CoreData Entities */,
				137A9C9027FB79BE00282214 /* Models */,
				13E16455280042E50060F58C /* API.swift */,
				1383D289280EDEA100A99620 /* CoreDataManager.swift */,
				13AB43B22808752C00BE812D /* CacheManager.swift */,
				13E2FDFB27FC871100B88326 /* NetworkService.swift */,
				13E2FDBD27FC3FD500B88326 /* NetworkDataFetcher.swift */,
				13E1641827FD85840060F58C /* ImageManager.swift */,
			);
			path = ServiceLayer;
			sourceTree = "<group>";
		};
/* End PBXGroup section */

/* Begin PBXNativeTarget section */
		132E351C283272610055672E /* CountriesAppTests */ = {
			isa = PBXNativeTarget;
			buildConfigurationList = 132E3525283272610055672E /* Build configuration list for PBXNativeTarget "CountriesAppTests" */;
			buildPhases = (
				132E3519283272610055672E /* Sources */,
				132E351A283272610055672E /* Frameworks */,
				132E351B283272610055672E /* Resources */,
			);
			buildRules = (
			);
			dependencies = (
				132E3522283272610055672E /* PBXTargetDependency */,
			);
			name = CountriesAppTests;
			productName = CountriesAppTests;
			productReference = 132E351D283272610055672E /* CountriesAppTests.xctest */;
			productType = "com.apple.product-type.bundle.unit-test";
		};
		137A9C6D27FB749600282214 /* CountriesApp */ = {
			isa = PBXNativeTarget;
			buildConfigurationList = 137A9C8527FB749800282214 /* Build configuration list for PBXNativeTarget "CountriesApp" */;
			buildPhases = (
				137A9C6A27FB749600282214 /* Sources */,
				137A9C6B27FB749600282214 /* Frameworks */,
				137A9C6C27FB749600282214 /* Resources */,
				13311565280188C8000E1327 /* ShellScript */,
			);
			buildRules = (
			);
			dependencies = (
			);
			name = CountriesApp;
			productName = CountriesApp;
			productReference = 137A9C6E27FB749600282214 /* CountriesApp.app */;
			productType = "com.apple.product-type.application";
		};
/* End PBXNativeTarget section */

/* Begin PBXProject section */
		137A9C6627FB749500282214 /* Project object */ = {
			isa = PBXProject;
			attributes = {
				BuildIndependentTargetsInParallel = 1;
				LastSwiftUpdateCheck = 1330;
				LastUpgradeCheck = 1330;
				TargetAttributes = {
					132E351C283272610055672E = {
						CreatedOnToolsVersion = 13.3.1;
						TestTargetID = 137A9C6D27FB749600282214;
					};
					137A9C6D27FB749600282214 = {
						CreatedOnToolsVersion = 13.3;
					};
				};
			};
			buildConfigurationList = 137A9C6927FB749500282214 /* Build configuration list for PBXProject "CountriesApp" */;
			compatibilityVersion = "Xcode 13.0";
			developmentRegion = en;
			hasScannedForEncodings = 0;
			knownRegions = (
				en,
				Base,
				ru,
			);
			mainGroup = 137A9C6527FB749500282214;
			productRefGroup = 137A9C6F27FB749600282214 /* Products */;
			projectDirPath = "";
			projectRoot = "";
			targets = (
				137A9C6D27FB749600282214 /* CountriesApp */,
				132E351C283272610055672E /* CountriesAppTests */,
			);
		};
/* End PBXProject section */

/* Begin PBXResourcesBuildPhase section */
		132E351B283272610055672E /* Resources */ = {
			isa = PBXResourcesBuildPhase;
			buildActionMask = 2147483647;
			files = (
				13DB8A71283E6CE1009DA207 /* MockJSONData.json in Resources */,
			);
			runOnlyForDeploymentPostprocessing = 0;
		};
		137A9C6C27FB749600282214 /* Resources */ = {
			isa = PBXResourcesBuildPhase;
			buildActionMask = 2147483647;
			files = (
				13E1642327FDBB260060F58C /* CountryDetailsCollectionViewCell.xib in Resources */,
				13E2FE0727FC98E600B88326 /* CountryCell.xib in Resources */,
				13DB8A70283E6CB3009DA207 /* MockJSONData.json in Resources */,
				137A9C8127FB749800282214 /* LaunchScreen.storyboard in Resources */,
				13E1641F27FDA17F0060F58C /* CountryDetailsViewController.xib in Resources */,
				137A9C7E27FB749800282214 /* Assets.xcassets in Resources */,
				131A709A28096AE500C8EFD4 /* Localizable.strings in Resources */,
				13E1642E27FDFCD80060F58C /* InformationCell.xib in Resources */,
				13E2FDFF27FC8ABC00B88326 /* CountriesListViewController.xib in Resources */,
			);
			runOnlyForDeploymentPostprocessing = 0;
		};
/* End PBXResourcesBuildPhase section */

/* Begin PBXShellScriptBuildPhase section */
		13311565280188C8000E1327 /* ShellScript */ = {
			isa = PBXShellScriptBuildPhase;
			buildActionMask = 2147483647;
			files = (
			);
			inputFileListPaths = (
			);
			inputPaths = (
			);
			outputFileListPaths = (
			);
			outputPaths = (
			);
			runOnlyForDeploymentPostprocessing = 0;
			shellPath = /bin/sh;
			shellScript = "if which swiftlint >/dev/null; then\n  swiftlint\nelse\n  echo \"error: SwiftLint does not exist, download it from https://github.com/realm/SwiftLint\"\n  exit 1\nfi\n";
		};
/* End PBXShellScriptBuildPhase section */

/* Begin PBXSourcesBuildPhase section */
		132E3519283272610055672E /* Sources */ = {
			isa = PBXSourcesBuildPhase;
			buildActionMask = 2147483647;
			files = (
				13C82713283D28950055585A /* UIImageViewTests.swift in Sources */,
				132E354928368EE90055672E /* RouterTests.swift in Sources */,
				13C8270F283CE7BF0055585A /* ImageManagerTests.swift in Sources */,
				132E354F283790690055672E /* CountryInformationTests.swift in Sources */,
				13C82711283D13650055585A /* CacheManagerTests.swift in Sources */,
				132E3540283640FF0055672E /* MockURLSessionDataTask.swift in Sources */,
				132E353A2833E1810055672E /* CoreDataManagerTests.swift in Sources */,
				13DB8A7B283EA7AF009DA207 /* Bundle+LoadJSONData.swift in Sources */,
				132E353C283628EE0055672E /* NetworkServiceTests.swift in Sources */,
				132E352E2833A4410055672E /* MockCountryListDisplayLogic.swift in Sources */,
				132E35342833B7780055672E /* MockCountryDetailsDisplayLogic.swift in Sources */,
				132E354B2836936E0055672E /* MockNavigationController.swift in Sources */,
				13EA9FCD283D38CE00D12126 /* MockRouter.swift in Sources */,
				132E354D28369A520055672E /* NetworkDataFetcherTests.swift in Sources */,
				132E35322833B7440055672E /* CountryDetailsPresenterTests.swift in Sources */,
				13C8270C283CDA940055585A /* CountryViewData.swift in Sources */,
				132E353E283640700055672E /* MockURLSession.swift in Sources */,
				132E352C283392F80055672E /* CountryListPresenterTests.swift in Sources */,
			);
			runOnlyForDeploymentPostprocessing = 0;
		};
		137A9C6A27FB749600282214 /* Sources */ = {
			isa = PBXSourcesBuildPhase;
			buildActionMask = 2147483647;
			files = (
				132E35422836431E0055672E /* URLSession.swift in Sources */,
				13E1641927FD85840060F58C /* ImageManager.swift in Sources */,
				13E2FE0127FC8D5F00B88326 /* AssemblyBuilder.swift in Sources */,
				132E35442836438A0055672E /* URLSessionDataTask.swift in Sources */,
				13E2FE0627FC98E600B88326 /* CountryCell.swift in Sources */,
				137A9C7627FB749600282214 /* CountriesListViewController.swift in Sources */,
				1383D2B5280FF6E500A99620 /* CountryData+CoreDataClass.swift in Sources */,
				13562B31281AC81F00FAEC00 /* SpinnerView.swift in Sources */,
				13E1642227FDBB260060F58C /* CountryDetailsCollectionViewCell.swift in Sources */,
				1383D2B7280FF6E500A99620 /* CountryImages+CoreDataClass.swift in Sources */,
				13E2FDBE27FC3FD500B88326 /* NetworkDataFetcher.swift in Sources */,
				13DB8A6E283E210A009DA207 /* CountryInformation.swift in Sources */,
				137A9C7227FB749600282214 /* AppDelegate.swift in Sources */,
				13E1642D27FDFCD80060F58C /* InformationCell.swift in Sources */,
				13E1641E27FDA17F0060F58C /* CountryDetailsViewController.swift in Sources */,
				137A9C7C27FB749600282214 /* CountriesApp.xcdatamodeld in Sources */,
				1383D2B8280FF6E500A99620 /* CountryImages+CoreDataProperties.swift in Sources */,
				1383D28A280EDEA100A99620 /* CoreDataManager.swift in Sources */,
				137A9C8927FB791300282214 /* CountriesListPresenter.swift in Sources */,
				13E1641627FD7DAE0060F58C /* CountryViewData.swift in Sources */,
				13AB43B72808A1CC00BE812D /* String+Localization.swift in Sources */,
				1383D2B6280FF6E500A99620 /* CountryData+CoreDataProperties.swift in Sources */,
				137A9C9227FB7B4D00282214 /* Country.swift in Sources */,
				13E16456280042E50060F58C /* API.swift in Sources */,
				137A9C8F27FB798600282214 /* CountryDetailsPresenter.swift in Sources */,
				13E1641B27FD895C0060F58C /* UIImageView+Load.swift in Sources */,
				13AB43B32808752C00BE812D /* CacheManager.swift in Sources */,
				13E2FE0327FC8DB600B88326 /* Router.swift in Sources */,
				13E2FDFC27FC871100B88326 /* NetworkService.swift in Sources */,
				137A9C7427FB749600282214 /* SceneDelegate.swift in Sources */,
			);
			runOnlyForDeploymentPostprocessing = 0;
		};
/* End PBXSourcesBuildPhase section */

/* Begin PBXTargetDependency section */
		132E3522283272610055672E /* PBXTargetDependency */ = {
			isa = PBXTargetDependency;
			target = 137A9C6D27FB749600282214 /* CountriesApp */;
			targetProxy = 132E3521283272610055672E /* PBXContainerItemProxy */;
		};
/* End PBXTargetDependency section */

/* Begin PBXVariantGroup section */
		131A709C28096AE500C8EFD4 /* Localizable.strings */ = {
			isa = PBXVariantGroup;
			children = (
				131A709B28096AE500C8EFD4 /* en */,
				131A709D28096B0100C8EFD4 /* ru */,
			);
			name = Localizable.strings;
			sourceTree = "<group>";
		};
		137A9C7F27FB749800282214 /* LaunchScreen.storyboard */ = {
			isa = PBXVariantGroup;
			children = (
				137A9C8027FB749800282214 /* Base */,
			);
			name = LaunchScreen.storyboard;
			sourceTree = "<group>";
		};
/* End PBXVariantGroup section */

/* Begin XCBuildConfiguration section */
		132E3523283272610055672E /* Debug */ = {
			isa = XCBuildConfiguration;
			buildSettings = {
				BUNDLE_LOADER = "$(TEST_HOST)";
				CODE_SIGN_STYLE = Automatic;
				CURRENT_PROJECT_VERSION = 1;
				DEVELOPMENT_TEAM = 2QS23S8YVT;
				GENERATE_INFOPLIST_FILE = YES;
				MARKETING_VERSION = 1.0;
				PRODUCT_BUNDLE_IDENTIFIER = dmitry.babaev.CountriesAppTests;
				PRODUCT_NAME = "$(TARGET_NAME)";
				SWIFT_EMIT_LOC_STRINGS = NO;
				SWIFT_VERSION = 5.0;
				TARGETED_DEVICE_FAMILY = "1,2";
				TEST_HOST = "$(BUILT_PRODUCTS_DIR)/CountriesApp.app/CountriesApp";
			};
			name = Debug;
		};
		132E3524283272610055672E /* Release */ = {
			isa = XCBuildConfiguration;
			buildSettings = {
				BUNDLE_LOADER = "$(TEST_HOST)";
				CODE_SIGN_STYLE = Automatic;
				CURRENT_PROJECT_VERSION = 1;
				DEVELOPMENT_TEAM = 2QS23S8YVT;
				GENERATE_INFOPLIST_FILE = YES;
				MARKETING_VERSION = 1.0;
				PRODUCT_BUNDLE_IDENTIFIER = dmitry.babaev.CountriesAppTests;
				PRODUCT_NAME = "$(TARGET_NAME)";
				SWIFT_EMIT_LOC_STRINGS = NO;
				SWIFT_VERSION = 5.0;
				TARGETED_DEVICE_FAMILY = "1,2";
				TEST_HOST = "$(BUILT_PRODUCTS_DIR)/CountriesApp.app/CountriesApp";
			};
			name = Release;
		};
		137A9C8327FB749800282214 /* Debug */ = {
			isa = XCBuildConfiguration;
			buildSettings = {
				ALWAYS_SEARCH_USER_PATHS = NO;
				CLANG_ANALYZER_LOCALIZABILITY_NONLOCALIZED = YES;
				CLANG_ANALYZER_NONNULL = YES;
				CLANG_ANALYZER_NUMBER_OBJECT_CONVERSION = YES_AGGRESSIVE;
				CLANG_CXX_LANGUAGE_STANDARD = "gnu++17";
				CLANG_ENABLE_MODULES = YES;
				CLANG_ENABLE_OBJC_ARC = YES;
				CLANG_ENABLE_OBJC_WEAK = YES;
				CLANG_WARN_BLOCK_CAPTURE_AUTORELEASING = YES;
				CLANG_WARN_BOOL_CONVERSION = YES;
				CLANG_WARN_COMMA = YES;
				CLANG_WARN_CONSTANT_CONVERSION = YES;
				CLANG_WARN_DEPRECATED_OBJC_IMPLEMENTATIONS = YES;
				CLANG_WARN_DIRECT_OBJC_ISA_USAGE = YES_ERROR;
				CLANG_WARN_DOCUMENTATION_COMMENTS = YES;
				CLANG_WARN_EMPTY_BODY = YES;
				CLANG_WARN_ENUM_CONVERSION = YES;
				CLANG_WARN_INFINITE_RECURSION = YES;
				CLANG_WARN_INT_CONVERSION = YES;
				CLANG_WARN_NON_LITERAL_NULL_CONVERSION = YES;
				CLANG_WARN_OBJC_IMPLICIT_RETAIN_SELF = YES;
				CLANG_WARN_OBJC_LITERAL_CONVERSION = YES;
				CLANG_WARN_OBJC_ROOT_CLASS = YES_ERROR;
				CLANG_WARN_QUOTED_INCLUDE_IN_FRAMEWORK_HEADER = YES;
				CLANG_WARN_RANGE_LOOP_ANALYSIS = YES;
				CLANG_WARN_STRICT_PROTOTYPES = YES;
				CLANG_WARN_SUSPICIOUS_MOVE = YES;
				CLANG_WARN_UNGUARDED_AVAILABILITY = YES_AGGRESSIVE;
				CLANG_WARN_UNREACHABLE_CODE = YES;
				CLANG_WARN__DUPLICATE_METHOD_MATCH = YES;
				COPY_PHASE_STRIP = NO;
				DEBUG_INFORMATION_FORMAT = dwarf;
				ENABLE_STRICT_OBJC_MSGSEND = YES;
				ENABLE_TESTABILITY = YES;
				GCC_C_LANGUAGE_STANDARD = gnu11;
				GCC_DYNAMIC_NO_PIC = NO;
				GCC_NO_COMMON_BLOCKS = YES;
				GCC_OPTIMIZATION_LEVEL = 0;
				GCC_PREPROCESSOR_DEFINITIONS = (
					"DEBUG=1",
					"$(inherited)",
				);
				GCC_WARN_64_TO_32_BIT_CONVERSION = YES;
				GCC_WARN_ABOUT_RETURN_TYPE = YES_ERROR;
				GCC_WARN_UNDECLARED_SELECTOR = YES;
				GCC_WARN_UNINITIALIZED_AUTOS = YES_AGGRESSIVE;
				GCC_WARN_UNUSED_FUNCTION = YES;
				GCC_WARN_UNUSED_VARIABLE = YES;
				IPHONEOS_DEPLOYMENT_TARGET = 15.4;
				MTL_ENABLE_DEBUG_INFO = INCLUDE_SOURCE;
				MTL_FAST_MATH = YES;
				ONLY_ACTIVE_ARCH = YES;
				SDKROOT = iphoneos;
				SWIFT_ACTIVE_COMPILATION_CONDITIONS = DEBUG;
				SWIFT_OPTIMIZATION_LEVEL = "-Onone";
			};
			name = Debug;
		};
		137A9C8427FB749800282214 /* Release */ = {
			isa = XCBuildConfiguration;
			buildSettings = {
				ALWAYS_SEARCH_USER_PATHS = NO;
				CLANG_ANALYZER_LOCALIZABILITY_NONLOCALIZED = YES;
				CLANG_ANALYZER_NONNULL = YES;
				CLANG_ANALYZER_NUMBER_OBJECT_CONVERSION = YES_AGGRESSIVE;
				CLANG_CXX_LANGUAGE_STANDARD = "gnu++17";
				CLANG_ENABLE_MODULES = YES;
				CLANG_ENABLE_OBJC_ARC = YES;
				CLANG_ENABLE_OBJC_WEAK = YES;
				CLANG_WARN_BLOCK_CAPTURE_AUTORELEASING = YES;
				CLANG_WARN_BOOL_CONVERSION = YES;
				CLANG_WARN_COMMA = YES;
				CLANG_WARN_CONSTANT_CONVERSION = YES;
				CLANG_WARN_DEPRECATED_OBJC_IMPLEMENTATIONS = YES;
				CLANG_WARN_DIRECT_OBJC_ISA_USAGE = YES_ERROR;
				CLANG_WARN_DOCUMENTATION_COMMENTS = YES;
				CLANG_WARN_EMPTY_BODY = YES;
				CLANG_WARN_ENUM_CONVERSION = YES;
				CLANG_WARN_INFINITE_RECURSION = YES;
				CLANG_WARN_INT_CONVERSION = YES;
				CLANG_WARN_NON_LITERAL_NULL_CONVERSION = YES;
				CLANG_WARN_OBJC_IMPLICIT_RETAIN_SELF = YES;
				CLANG_WARN_OBJC_LITERAL_CONVERSION = YES;
				CLANG_WARN_OBJC_ROOT_CLASS = YES_ERROR;
				CLANG_WARN_QUOTED_INCLUDE_IN_FRAMEWORK_HEADER = YES;
				CLANG_WARN_RANGE_LOOP_ANALYSIS = YES;
				CLANG_WARN_STRICT_PROTOTYPES = YES;
				CLANG_WARN_SUSPICIOUS_MOVE = YES;
				CLANG_WARN_UNGUARDED_AVAILABILITY = YES_AGGRESSIVE;
				CLANG_WARN_UNREACHABLE_CODE = YES;
				CLANG_WARN__DUPLICATE_METHOD_MATCH = YES;
				COPY_PHASE_STRIP = NO;
				DEBUG_INFORMATION_FORMAT = "dwarf-with-dsym";
				ENABLE_NS_ASSERTIONS = NO;
				ENABLE_STRICT_OBJC_MSGSEND = YES;
				GCC_C_LANGUAGE_STANDARD = gnu11;
				GCC_NO_COMMON_BLOCKS = YES;
				GCC_WARN_64_TO_32_BIT_CONVERSION = YES;
				GCC_WARN_ABOUT_RETURN_TYPE = YES_ERROR;
				GCC_WARN_UNDECLARED_SELECTOR = YES;
				GCC_WARN_UNINITIALIZED_AUTOS = YES_AGGRESSIVE;
				GCC_WARN_UNUSED_FUNCTION = YES;
				GCC_WARN_UNUSED_VARIABLE = YES;
				IPHONEOS_DEPLOYMENT_TARGET = 15.4;
				MTL_ENABLE_DEBUG_INFO = NO;
				MTL_FAST_MATH = YES;
				SDKROOT = iphoneos;
				SWIFT_COMPILATION_MODE = wholemodule;
				SWIFT_OPTIMIZATION_LEVEL = "-O";
				VALIDATE_PRODUCT = YES;
			};
			name = Release;
		};
		137A9C8627FB749800282214 /* Debug */ = {
			isa = XCBuildConfiguration;
			buildSettings = {
				ASSETCATALOG_COMPILER_APPICON_NAME = AppIcon;
				ASSETCATALOG_COMPILER_GLOBAL_ACCENT_COLOR_NAME = AccentColor;
				CODE_SIGN_STYLE = Automatic;
				CURRENT_PROJECT_VERSION = 1;
				DEVELOPMENT_TEAM = 2QS23S8YVT;
				GENERATE_INFOPLIST_FILE = YES;
				INFOPLIST_FILE = CountriesApp/Info.plist;
				INFOPLIST_KEY_UIApplicationSupportsIndirectInputEvents = YES;
				INFOPLIST_KEY_UILaunchStoryboardName = LaunchScreen;
				INFOPLIST_KEY_UISupportedInterfaceOrientations = UIInterfaceOrientationPortrait;
				INFOPLIST_KEY_UISupportedInterfaceOrientations_iPad = "UIInterfaceOrientationPortrait UIInterfaceOrientationPortraitUpsideDown UIInterfaceOrientationLandscapeLeft UIInterfaceOrientationLandscapeRight";
				INFOPLIST_KEY_UISupportedInterfaceOrientations_iPhone = "UIInterfaceOrientationPortrait UIInterfaceOrientationLandscapeLeft UIInterfaceOrientationLandscapeRight";
				LD_RUNPATH_SEARCH_PATHS = (
					"$(inherited)",
					"@executable_path/Frameworks",
				);
				MARKETING_VERSION = 1.0;
				PRODUCT_BUNDLE_IDENTIFIER = dmitry.babaev.CountriesApp;
				PRODUCT_NAME = "$(TARGET_NAME)";
				SWIFT_EMIT_LOC_STRINGS = YES;
				SWIFT_VERSION = 5.0;
				TARGETED_DEVICE_FAMILY = 1;
			};
			name = Debug;
		};
		137A9C8727FB749800282214 /* Release */ = {
			isa = XCBuildConfiguration;
			buildSettings = {
				ASSETCATALOG_COMPILER_APPICON_NAME = AppIcon;
				ASSETCATALOG_COMPILER_GLOBAL_ACCENT_COLOR_NAME = AccentColor;
				CODE_SIGN_STYLE = Automatic;
				CURRENT_PROJECT_VERSION = 1;
				DEVELOPMENT_TEAM = 2QS23S8YVT;
				GENERATE_INFOPLIST_FILE = YES;
				INFOPLIST_FILE = CountriesApp/Info.plist;
				INFOPLIST_KEY_UIApplicationSupportsIndirectInputEvents = YES;
				INFOPLIST_KEY_UILaunchStoryboardName = LaunchScreen;
				INFOPLIST_KEY_UISupportedInterfaceOrientations = UIInterfaceOrientationPortrait;
				INFOPLIST_KEY_UISupportedInterfaceOrientations_iPad = "UIInterfaceOrientationPortrait UIInterfaceOrientationPortraitUpsideDown UIInterfaceOrientationLandscapeLeft UIInterfaceOrientationLandscapeRight";
				INFOPLIST_KEY_UISupportedInterfaceOrientations_iPhone = "UIInterfaceOrientationPortrait UIInterfaceOrientationLandscapeLeft UIInterfaceOrientationLandscapeRight";
				LD_RUNPATH_SEARCH_PATHS = (
					"$(inherited)",
					"@executable_path/Frameworks",
				);
				MARKETING_VERSION = 1.0;
				PRODUCT_BUNDLE_IDENTIFIER = dmitry.babaev.CountriesApp;
				PRODUCT_NAME = "$(TARGET_NAME)";
				SWIFT_EMIT_LOC_STRINGS = YES;
				SWIFT_VERSION = 5.0;
				TARGETED_DEVICE_FAMILY = 1;
			};
			name = Release;
		};
/* End XCBuildConfiguration section */

/* Begin XCConfigurationList section */
		132E3525283272610055672E /* Build configuration list for PBXNativeTarget "CountriesAppTests" */ = {
			isa = XCConfigurationList;
			buildConfigurations = (
				132E3523283272610055672E /* Debug */,
				132E3524283272610055672E /* Release */,
			);
			defaultConfigurationIsVisible = 0;
			defaultConfigurationName = Release;
		};
		137A9C6927FB749500282214 /* Build configuration list for PBXProject "CountriesApp" */ = {
			isa = XCConfigurationList;
			buildConfigurations = (
				137A9C8327FB749800282214 /* Debug */,
				137A9C8427FB749800282214 /* Release */,
			);
			defaultConfigurationIsVisible = 0;
			defaultConfigurationName = Release;
		};
		137A9C8527FB749800282214 /* Build configuration list for PBXNativeTarget "CountriesApp" */ = {
			isa = XCConfigurationList;
			buildConfigurations = (
				137A9C8627FB749800282214 /* Debug */,
				137A9C8727FB749800282214 /* Release */,
			);
			defaultConfigurationIsVisible = 0;
			defaultConfigurationName = Release;
		};
/* End XCConfigurationList section */

/* Begin XCVersionGroup section */
		137A9C7A27FB749600282214 /* CountriesApp.xcdatamodeld */ = {
			isa = XCVersionGroup;
			children = (
				137A9C7B27FB749600282214 /* CountriesApp.xcdatamodel */,
			);
			currentVersion = 137A9C7B27FB749600282214 /* CountriesApp.xcdatamodel */;
			path = CountriesApp.xcdatamodeld;
			sourceTree = "<group>";
			versionGroupType = wrapper.xcdatamodel;
		};
/* End XCVersionGroup section */
	};
	rootObject = 137A9C6627FB749500282214 /* Project object */;
}
