// !$*UTF8*$!
{
	archiveVersion = 1;
	classes = {
	};
	objectVersion = 55;
	objects = {

/* Begin PBXBuildFile section */
		131A709A28096AE500C8EFD4 /* Localizable.strings in Resources */ = {isa = PBXBuildFile; fileRef = 131A709C28096AE500C8EFD4 /* Localizable.strings */; };
		137A9C7227FB749600282214 /* AppDelegate.swift in Sources */ = {isa = PBXBuildFile; fileRef = 137A9C7127FB749600282214 /* AppDelegate.swift */; };
		137A9C7427FB749600282214 /* SceneDelegate.swift in Sources */ = {isa = PBXBuildFile; fileRef = 137A9C7327FB749600282214 /* SceneDelegate.swift */; };
		137A9C7627FB749600282214 /* CountriesListViewController.swift in Sources */ = {isa = PBXBuildFile; fileRef = 137A9C7527FB749600282214 /* CountriesListViewController.swift */; };
		137A9C7C27FB749600282214 /* CountriesApp.xcdatamodeld in Sources */ = {isa = PBXBuildFile; fileRef = 137A9C7A27FB749600282214 /* CountriesApp.xcdatamodeld */; };
		137A9C7E27FB749800282214 /* Assets.xcassets in Resources */ = {isa = PBXBuildFile; fileRef = 137A9C7D27FB749800282214 /* Assets.xcassets */; };
		137A9C8127FB749800282214 /* LaunchScreen.storyboard in Resources */ = {isa = PBXBuildFile; fileRef = 137A9C7F27FB749800282214 /* LaunchScreen.storyboard */; };
		137A9C8927FB791300282214 /* CountriesListPresenter.swift in Sources */ = {isa = PBXBuildFile; fileRef = 137A9C8827FB791300282214 /* CountriesListPresenter.swift */; };
		137A9C8F27FB798600282214 /* CountryDetailsPresenter.swift in Sources */ = {isa = PBXBuildFile; fileRef = 137A9C8E27FB798600282214 /* CountryDetailsPresenter.swift */; };
		137A9C9227FB7B4D00282214 /* Country.swift in Sources */ = {isa = PBXBuildFile; fileRef = 137A9C9127FB7B4D00282214 /* Country.swift */; };
		13AB43B32808752C00BE812D /* CacheManager.swift in Sources */ = {isa = PBXBuildFile; fileRef = 13AB43B22808752C00BE812D /* CacheManager.swift */; };
		13AB43B72808A1CC00BE812D /* String+Localization.swift in Sources */ = {isa = PBXBuildFile; fileRef = 13AB43B62808A1CC00BE812D /* String+Localization.swift */; };
		13E1641627FD7DAE0060F58C /* CountryViewData.swift in Sources */ = {isa = PBXBuildFile; fileRef = 13E1641527FD7DAE0060F58C /* CountryViewData.swift */; };
		13E1641927FD85840060F58C /* ImageManager.swift in Sources */ = {isa = PBXBuildFile; fileRef = 13E1641827FD85840060F58C /* ImageManager.swift */; };
		13E1641B27FD895C0060F58C /* UIImage+Load.swift in Sources */ = {isa = PBXBuildFile; fileRef = 13E1641A27FD895B0060F58C /* UIImage+Load.swift */; };
		13E1641E27FDA17F0060F58C /* CountryDetailsViewController.swift in Sources */ = {isa = PBXBuildFile; fileRef = 13E1641C27FDA17F0060F58C /* CountryDetailsViewController.swift */; };
		13E1641F27FDA17F0060F58C /* CountryDetailsViewController.xib in Resources */ = {isa = PBXBuildFile; fileRef = 13E1641D27FDA17F0060F58C /* CountryDetailsViewController.xib */; };
		13E1642227FDBB260060F58C /* CountryDetailsCollectionViewCell.swift in Sources */ = {isa = PBXBuildFile; fileRef = 13E1642027FDBB260060F58C /* CountryDetailsCollectionViewCell.swift */; };
		13E1642327FDBB260060F58C /* CountryDetailsCollectionViewCell.xib in Resources */ = {isa = PBXBuildFile; fileRef = 13E1642127FDBB260060F58C /* CountryDetailsCollectionViewCell.xib */; };
		13E1642D27FDFCD80060F58C /* InformationCell.swift in Sources */ = {isa = PBXBuildFile; fileRef = 13E1642B27FDFCD80060F58C /* InformationCell.swift */; };
		13E1642E27FDFCD80060F58C /* InformationCell.xib in Resources */ = {isa = PBXBuildFile; fileRef = 13E1642C27FDFCD80060F58C /* InformationCell.xib */; };
		13E16456280042E50060F58C /* API.swift in Sources */ = {isa = PBXBuildFile; fileRef = 13E16455280042E50060F58C /* API.swift */; };
		13E2FDBE27FC3FD500B88326 /* NetworkDataFetcher.swift in Sources */ = {isa = PBXBuildFile; fileRef = 13E2FDBD27FC3FD500B88326 /* NetworkDataFetcher.swift */; };
		13E2FDFC27FC871100B88326 /* NetworkService.swift in Sources */ = {isa = PBXBuildFile; fileRef = 13E2FDFB27FC871100B88326 /* NetworkService.swift */; };
		13E2FDFF27FC8ABC00B88326 /* CountriesListViewController.xib in Resources */ = {isa = PBXBuildFile; fileRef = 13E2FDFE27FC8ABC00B88326 /* CountriesListViewController.xib */; };
		13E2FE0127FC8D5F00B88326 /* AssemblyBuilder.swift in Sources */ = {isa = PBXBuildFile; fileRef = 13E2FE0027FC8D5F00B88326 /* AssemblyBuilder.swift */; };
		13E2FE0327FC8DB600B88326 /* Router.swift in Sources */ = {isa = PBXBuildFile; fileRef = 13E2FE0227FC8DB600B88326 /* Router.swift */; };
		13E2FE0627FC98E600B88326 /* CountryCell.swift in Sources */ = {isa = PBXBuildFile; fileRef = 13E2FE0427FC98E600B88326 /* CountryCell.swift */; };
		13E2FE0727FC98E600B88326 /* CountryCell.xib in Resources */ = {isa = PBXBuildFile; fileRef = 13E2FE0527FC98E600B88326 /* CountryCell.xib */; };
/* End PBXBuildFile section */

/* Begin PBXFileReference section */
		131A709B28096AE500C8EFD4 /* en */ = {isa = PBXFileReference; lastKnownFileType = text.plist.strings; name = en; path = en.lproj/Localizable.strings; sourceTree = "<group>"; };
		131A709D28096B0100C8EFD4 /* ru */ = {isa = PBXFileReference; lastKnownFileType = text.plist.strings; name = ru; path = ru.lproj/Localizable.strings; sourceTree = "<group>"; };
		131A709E28099E0900C8EFD4 /* README.md */ = {isa = PBXFileReference; lastKnownFileType = net.daringfireball.markdown; path = README.md; sourceTree = "<group>"; };
		137A9C6E27FB749600282214 /* CountriesApp.app */ = {isa = PBXFileReference; explicitFileType = wrapper.application; includeInIndex = 0; path = CountriesApp.app; sourceTree = BUILT_PRODUCTS_DIR; };
		137A9C7127FB749600282214 /* AppDelegate.swift */ = {isa = PBXFileReference; lastKnownFileType = sourcecode.swift; path = AppDelegate.swift; sourceTree = "<group>"; };
		137A9C7327FB749600282214 /* SceneDelegate.swift */ = {isa = PBXFileReference; lastKnownFileType = sourcecode.swift; path = SceneDelegate.swift; sourceTree = "<group>"; };
		137A9C7527FB749600282214 /* CountriesListViewController.swift */ = {isa = PBXFileReference; lastKnownFileType = sourcecode.swift; path = CountriesListViewController.swift; sourceTree = "<group>"; };
		137A9C7B27FB749600282214 /* CountriesApp.xcdatamodel */ = {isa = PBXFileReference; lastKnownFileType = wrapper.xcdatamodel; path = CountriesApp.xcdatamodel; sourceTree = "<group>"; };
		137A9C7D27FB749800282214 /* Assets.xcassets */ = {isa = PBXFileReference; lastKnownFileType = folder.assetcatalog; path = Assets.xcassets; sourceTree = "<group>"; };
		137A9C8027FB749800282214 /* Base */ = {isa = PBXFileReference; lastKnownFileType = file.storyboard; name = Base; path = Base.lproj/LaunchScreen.storyboard; sourceTree = "<group>"; };
		137A9C8227FB749800282214 /* Info.plist */ = {isa = PBXFileReference; lastKnownFileType = text.plist.xml; path = Info.plist; sourceTree = "<group>"; };
		137A9C8827FB791300282214 /* CountriesListPresenter.swift */ = {isa = PBXFileReference; lastKnownFileType = sourcecode.swift; path = CountriesListPresenter.swift; sourceTree = "<group>"; };
		137A9C8E27FB798600282214 /* CountryDetailsPresenter.swift */ = {isa = PBXFileReference; lastKnownFileType = sourcecode.swift; path = CountryDetailsPresenter.swift; sourceTree = "<group>"; };
		137A9C9127FB7B4D00282214 /* Country.swift */ = {isa = PBXFileReference; lastKnownFileType = sourcecode.swift; path = Country.swift; sourceTree = "<group>"; };
		13AB43B22808752C00BE812D /* CacheManager.swift */ = {isa = PBXFileReference; lastKnownFileType = sourcecode.swift; path = CacheManager.swift; sourceTree = "<group>"; };
		13AB43B62808A1CC00BE812D /* String+Localization.swift */ = {isa = PBXFileReference; lastKnownFileType = sourcecode.swift; path = "String+Localization.swift"; sourceTree = "<group>"; };
		13E1641527FD7DAE0060F58C /* CountryViewData.swift */ = {isa = PBXFileReference; lastKnownFileType = sourcecode.swift; path = CountryViewData.swift; sourceTree = "<group>"; };
		13E1641827FD85840060F58C /* ImageManager.swift */ = {isa = PBXFileReference; lastKnownFileType = sourcecode.swift; path = ImageManager.swift; sourceTree = "<group>"; };
		13E1641A27FD895B0060F58C /* UIImage+Load.swift */ = {isa = PBXFileReference; lastKnownFileType = sourcecode.swift; path = "UIImage+Load.swift"; sourceTree = "<group>"; };
		13E1641C27FDA17F0060F58C /* CountryDetailsViewController.swift */ = {isa = PBXFileReference; lastKnownFileType = sourcecode.swift; path = CountryDetailsViewController.swift; sourceTree = "<group>"; };
		13E1641D27FDA17F0060F58C /* CountryDetailsViewController.xib */ = {isa = PBXFileReference; lastKnownFileType = file.xib; path = CountryDetailsViewController.xib; sourceTree = "<group>"; };
		13E1642027FDBB260060F58C /* CountryDetailsCollectionViewCell.swift */ = {isa = PBXFileReference; lastKnownFileType = sourcecode.swift; path = CountryDetailsCollectionViewCell.swift; sourceTree = "<group>"; };
		13E1642127FDBB260060F58C /* CountryDetailsCollectionViewCell.xib */ = {isa = PBXFileReference; lastKnownFileType = file.xib; path = CountryDetailsCollectionViewCell.xib; sourceTree = "<group>"; };
		13E1642B27FDFCD80060F58C /* InformationCell.swift */ = {isa = PBXFileReference; lastKnownFileType = sourcecode.swift; path = InformationCell.swift; sourceTree = "<group>"; };
		13E1642C27FDFCD80060F58C /* InformationCell.xib */ = {isa = PBXFileReference; lastKnownFileType = file.xib; path = InformationCell.xib; sourceTree = "<group>"; };
		13E16455280042E50060F58C /* API.swift */ = {isa = PBXFileReference; lastKnownFileType = sourcecode.swift; path = API.swift; sourceTree = "<group>"; };
		13E2FDBD27FC3FD500B88326 /* NetworkDataFetcher.swift */ = {isa = PBXFileReference; lastKnownFileType = sourcecode.swift; path = NetworkDataFetcher.swift; sourceTree = "<group>"; };
		13E2FDFB27FC871100B88326 /* NetworkService.swift */ = {isa = PBXFileReference; lastKnownFileType = sourcecode.swift; path = NetworkService.swift; sourceTree = "<group>"; };
		13E2FDFE27FC8ABC00B88326 /* CountriesListViewController.xib */ = {isa = PBXFileReference; lastKnownFileType = file.xib; path = CountriesListViewController.xib; sourceTree = "<group>"; };
		13E2FE0027FC8D5F00B88326 /* AssemblyBuilder.swift */ = {isa = PBXFileReference; lastKnownFileType = sourcecode.swift; path = AssemblyBuilder.swift; sourceTree = "<group>"; };
		13E2FE0227FC8DB600B88326 /* Router.swift */ = {isa = PBXFileReference; lastKnownFileType = sourcecode.swift; path = Router.swift; sourceTree = "<group>"; };
		13E2FE0427FC98E600B88326 /* CountryCell.swift */ = {isa = PBXFileReference; lastKnownFileType = sourcecode.swift; path = CountryCell.swift; sourceTree = "<group>"; };
		13E2FE0527FC98E600B88326 /* CountryCell.xib */ = {isa = PBXFileReference; lastKnownFileType = file.xib; path = CountryCell.xib; sourceTree = "<group>"; };
/* End PBXFileReference section */

/* Begin PBXFrameworksBuildPhase section */
		137A9C6B27FB749600282214 /* Frameworks */ = {
			isa = PBXFrameworksBuildPhase;
			buildActionMask = 2147483647;
			files = (
			);
			runOnlyForDeploymentPostprocessing = 0;
		};
/* End PBXFrameworksBuildPhase section */

/* Begin PBXGroup section */
		137A9C6527FB749500282214 = {
			isa = PBXGroup;
			children = (
				131A709E28099E0900C8EFD4 /* README.md */,
				137A9C7027FB749600282214 /* CountriesApp */,
				137A9C6F27FB749600282214 /* Products */,
			);
			sourceTree = "<group>";
		};
		137A9C6F27FB749600282214 /* Products */ = {
			isa = PBXGroup;
			children = (
				137A9C6E27FB749600282214 /* CountriesApp.app */,
			);
			name = Products;
			sourceTree = "<group>";
		};
		137A9C7027FB749600282214 /* CountriesApp */ = {
			isa = PBXGroup;
			children = (
				13E2FE0027FC8D5F00B88326 /* AssemblyBuilder.swift */,
				13E2FE0227FC8DB600B88326 /* Router.swift */,
				13E2FDFD27FC872200B88326 /* ServiceLayer */,
				137A9C8B27FB794C00282214 /* CountryDetails */,
				137A9C8A27FB793200282214 /* CountriesList */,
				13E1645728006A070060F58C /* Extensions */,
				137A9C7127FB749600282214 /* AppDelegate.swift */,
				137A9C7327FB749600282214 /* SceneDelegate.swift */,
				137A9C7D27FB749800282214 /* Assets.xcassets */,
				137A9C7F27FB749800282214 /* LaunchScreen.storyboard */,
				137A9C8227FB749800282214 /* Info.plist */,
				137A9C7A27FB749600282214 /* CountriesApp.xcdatamodeld */,
				131A709C28096AE500C8EFD4 /* Localizable.strings */,
			);
			path = CountriesApp;
			sourceTree = "<group>";
		};
		137A9C8A27FB793200282214 /* CountriesList */ = {
			isa = PBXGroup;
			children = (
				13E2FDF927FC865F00B88326 /* View */,
				13E2FDFA27FC866800B88326 /* Presenter */,
				13E1641727FD7DBA0060F58C /* Model */,
			);
			path = CountriesList;
			sourceTree = "<group>";
		};
		137A9C8B27FB794C00282214 /* CountryDetails */ = {
			isa = PBXGroup;
			children = (
				13E1642527FDBB3A0060F58C /* View */,
				13E1642427FDBB300060F58C /* Presenter */,
			);
			path = CountryDetails;
			sourceTree = "<group>";
		};
		137A9C9027FB79BE00282214 /* Models */ = {
			isa = PBXGroup;
			children = (
				137A9C9127FB7B4D00282214 /* Country.swift */,
			);
			path = Models;
			sourceTree = "<group>";
		};
		13E1641727FD7DBA0060F58C /* Model */ = {
			isa = PBXGroup;
			children = (
				13E1641527FD7DAE0060F58C /* CountryViewData.swift */,
			);
			path = Model;
			sourceTree = "<group>";
		};
		13E1642427FDBB300060F58C /* Presenter */ = {
			isa = PBXGroup;
			children = (
				137A9C8E27FB798600282214 /* CountryDetailsPresenter.swift */,
			);
			path = Presenter;
			sourceTree = "<group>";
		};
		13E1642527FDBB3A0060F58C /* View */ = {
			isa = PBXGroup;
			children = (
				13E1642927FDFC6E0060F58C /* ImagesCollectionViewCell */,
				13E1642A27FDFC9A0060F58C /* InformationCell */,
				13E1641C27FDA17F0060F58C /* CountryDetailsViewController.swift */,
				13E1641D27FDA17F0060F58C /* CountryDetailsViewController.xib */,
			);
			path = View;
			sourceTree = "<group>";
		};
		13E1642927FDFC6E0060F58C /* ImagesCollectionViewCell */ = {
			isa = PBXGroup;
			children = (
				13E1642027FDBB260060F58C /* CountryDetailsCollectionViewCell.swift */,
				13E1642127FDBB260060F58C /* CountryDetailsCollectionViewCell.xib */,
			);
			path = ImagesCollectionViewCell;
			sourceTree = "<group>";
		};
		13E1642A27FDFC9A0060F58C /* InformationCell */ = {
			isa = PBXGroup;
			children = (
				13E1642B27FDFCD80060F58C /* InformationCell.swift */,
				13E1642C27FDFCD80060F58C /* InformationCell.xib */,
			);
			path = InformationCell;
			sourceTree = "<group>";
		};
		13E1642F27FE11B30060F58C /* CountryCell */ = {
			isa = PBXGroup;
			children = (
				13E2FE0427FC98E600B88326 /* CountryCell.swift */,
				13E2FE0527FC98E600B88326 /* CountryCell.xib */,
			);
			path = CountryCell;
			sourceTree = "<group>";
		};
		13E1645728006A070060F58C /* Extensions */ = {
			isa = PBXGroup;
			children = (
				13E1641A27FD895B0060F58C /* UIImage+Load.swift */,
				13AB43B62808A1CC00BE812D /* String+Localization.swift */,
			);
			path = Extensions;
			sourceTree = "<group>";
		};
		13E2FDF927FC865F00B88326 /* View */ = {
			isa = PBXGroup;
			children = (
				137A9C7527FB749600282214 /* CountriesListViewController.swift */,
				13E2FDFE27FC8ABC00B88326 /* CountriesListViewController.xib */,
				13E1642F27FE11B30060F58C /* CountryCell */,
			);
			path = View;
			sourceTree = "<group>";
		};
		13E2FDFA27FC866800B88326 /* Presenter */ = {
			isa = PBXGroup;
			children = (
				137A9C8827FB791300282214 /* CountriesListPresenter.swift */,
			);
			path = Presenter;
			sourceTree = "<group>";
		};
		13E2FDFD27FC872200B88326 /* ServiceLayer */ = {
			isa = PBXGroup;
			children = (
				137A9C9027FB79BE00282214 /* Models */,
				13E16455280042E50060F58C /* API.swift */,
				13E2FDFB27FC871100B88326 /* NetworkService.swift */,
				13E2FDBD27FC3FD500B88326 /* NetworkDataFetcher.swift */,
				13E1641827FD85840060F58C /* ImageManager.swift */,
				13AB43B22808752C00BE812D /* CacheManager.swift */,
			);
			path = ServiceLayer;
			sourceTree = "<group>";
		};
/* End PBXGroup section */

/* Begin PBXNativeTarget section */
		137A9C6D27FB749600282214 /* CountriesApp */ = {
			isa = PBXNativeTarget;
			buildConfigurationList = 137A9C8527FB749800282214 /* Build configuration list for PBXNativeTarget "CountriesApp" */;
			buildPhases = (
				137A9C6A27FB749600282214 /* Sources */,
				137A9C6B27FB749600282214 /* Frameworks */,
				137A9C6C27FB749600282214 /* Resources */,
				13311565280188C8000E1327 /* ShellScript */,
			);
			buildRules = (
			);
			dependencies = (
			);
			name = CountriesApp;
			productName = CountriesApp;
			productReference = 137A9C6E27FB749600282214 /* CountriesApp.app */;
			productType = "com.apple.product-type.application";
		};
/* End PBXNativeTarget section */

/* Begin PBXProject section */
		137A9C6627FB749500282214 /* Project object */ = {
			isa = PBXProject;
			attributes = {
				BuildIndependentTargetsInParallel = 1;
				LastSwiftUpdateCheck = 1330;
				LastUpgradeCheck = 1330;
				TargetAttributes = {
					137A9C6D27FB749600282214 = {
						CreatedOnToolsVersion = 13.3;
					};
				};
			};
			buildConfigurationList = 137A9C6927FB749500282214 /* Build configuration list for PBXProject "CountriesApp" */;
			compatibilityVersion = "Xcode 13.0";
			developmentRegion = en;
			hasScannedForEncodings = 0;
			knownRegions = (
				en,
				Base,
				ru,
			);
			mainGroup = 137A9C6527FB749500282214;
			productRefGroup = 137A9C6F27FB749600282214 /* Products */;
			projectDirPath = "";
			projectRoot = "";
			targets = (
				137A9C6D27FB749600282214 /* CountriesApp */,
			);
		};
/* End PBXProject section */

/* Begin PBXResourcesBuildPhase section */
		137A9C6C27FB749600282214 /* Resources */ = {
			isa = PBXResourcesBuildPhase;
			buildActionMask = 2147483647;
			files = (
				13E1642327FDBB260060F58C /* CountryDetailsCollectionViewCell.xib in Resources */,
				13E2FE0727FC98E600B88326 /* CountryCell.xib in Resources */,
				137A9C8127FB749800282214 /* LaunchScreen.storyboard in Resources */,
				13E1641F27FDA17F0060F58C /* CountryDetailsViewController.xib in Resources */,
				137A9C7E27FB749800282214 /* Assets.xcassets in Resources */,
				131A709A28096AE500C8EFD4 /* Localizable.strings in Resources */,
				13E1642E27FDFCD80060F58C /* InformationCell.xib in Resources */,
				13E2FDFF27FC8ABC00B88326 /* CountriesListViewController.xib in Resources */,
			);
			runOnlyForDeploymentPostprocessing = 0;
		};
/* End PBXResourcesBuildPhase section */

/* Begin PBXShellScriptBuildPhase section */
		13311565280188C8000E1327 /* ShellScript */ = {
			isa = PBXShellScriptBuildPhase;
			buildActionMask = 2147483647;
			files = (
			);
			inputFileListPaths = (
			);
			inputPaths = (
			);
			outputFileListPaths = (
			);
			outputPaths = (
			);
			runOnlyForDeploymentPostprocessing = 0;
			shellPath = /bin/sh;
			shellScript = "if which swiftlint >/dev/null; then\n  swiftlint\nelse\n  echo \"error: SwiftLint does not exist, download it from https://github.com/realm/SwiftLint\"\n  exit 1\nfi\n";
		};
/* End PBXShellScriptBuildPhase section */

/* Begin PBXSourcesBuildPhase section */
		137A9C6A27FB749600282214 /* Sources */ = {
			isa = PBXSourcesBuildPhase;
			buildActionMask = 2147483647;
			files = (
				13E1641927FD85840060F58C /* ImageManager.swift in Sources */,
				13E2FE0127FC8D5F00B88326 /* AssemblyBuilder.swift in Sources */,
				13E2FE0627FC98E600B88326 /* CountryCell.swift in Sources */,
				137A9C7627FB749600282214 /* CountriesListViewController.swift in Sources */,
				13E1642227FDBB260060F58C /* CountryDetailsCollectionViewCell.swift in Sources */,
				13E2FDBE27FC3FD500B88326 /* NetworkDataFetcher.swift in Sources */,
				137A9C7227FB749600282214 /* AppDelegate.swift in Sources */,
				13E1642D27FDFCD80060F58C /* InformationCell.swift in Sources */,
				13E1641E27FDA17F0060F58C /* CountryDetailsViewController.swift in Sources */,
				137A9C7C27FB749600282214 /* CountriesApp.xcdatamodeld in Sources */,
				137A9C8927FB791300282214 /* CountriesListPresenter.swift in Sources */,
				13E1641627FD7DAE0060F58C /* CountryViewData.swift in Sources */,
				13AB43B72808A1CC00BE812D /* String+Localization.swift in Sources */,
				137A9C9227FB7B4D00282214 /* Country.swift in Sources */,
				13E16456280042E50060F58C /* API.swift in Sources */,
				137A9C8F27FB798600282214 /* CountryDetailsPresenter.swift in Sources */,
				13E1641B27FD895C0060F58C /* UIImage+Load.swift in Sources */,
				13AB43B32808752C00BE812D /* CacheManager.swift in Sources */,
				13E2FE0327FC8DB600B88326 /* Router.swift in Sources */,
				13E2FDFC27FC871100B88326 /* NetworkService.swift in Sources */,
				137A9C7427FB749600282214 /* SceneDelegate.swift in Sources */,
			);
			runOnlyForDeploymentPostprocessing = 0;
		};
/* End PBXSourcesBuildPhase section */

/* Begin PBXVariantGroup section */
		131A709C28096AE500C8EFD4 /* Localizable.strings */ = {
			isa = PBXVariantGroup;
			children = (
				131A709B28096AE500C8EFD4 /* en */,
				131A709D28096B0100C8EFD4 /* ru */,
			);
			name = Localizable.strings;
			sourceTree = "<group>";
		};
		137A9C7F27FB749800282214 /* LaunchScreen.storyboard */ = {
			isa = PBXVariantGroup;
			children = (
				137A9C8027FB749800282214 /* Base */,
			);
			name = LaunchScreen.storyboard;
			sourceTree = "<group>";
		};
/* End PBXVariantGroup section */

/* Begin XCBuildConfiguration section */
		137A9C8327FB749800282214 /* Debug */ = {
			isa = XCBuildConfiguration;
			buildSettings = {
				ALWAYS_SEARCH_USER_PATHS = NO;
				CLANG_ANALYZER_LOCALIZABILITY_NONLOCALIZED = YES;
				CLANG_ANALYZER_NONNULL = YES;
				CLANG_ANALYZER_NUMBER_OBJECT_CONVERSION = YES_AGGRESSIVE;
				CLANG_CXX_LANGUAGE_STANDARD = "gnu++17";
				CLANG_ENABLE_MODULES = YES;
				CLANG_ENABLE_OBJC_ARC = YES;
				CLANG_ENABLE_OBJC_WEAK = YES;
				CLANG_WARN_BLOCK_CAPTURE_AUTORELEASING = YES;
				CLANG_WARN_BOOL_CONVERSION = YES;
				CLANG_WARN_COMMA = YES;
				CLANG_WARN_CONSTANT_CONVERSION = YES;
				CLANG_WARN_DEPRECATED_OBJC_IMPLEMENTATIONS = YES;
				CLANG_WARN_DIRECT_OBJC_ISA_USAGE = YES_ERROR;
				CLANG_WARN_DOCUMENTATION_COMMENTS = YES;
				CLANG_WARN_EMPTY_BODY = YES;
				CLANG_WARN_ENUM_CONVERSION = YES;
				CLANG_WARN_INFINITE_RECURSION = YES;
				CLANG_WARN_INT_CONVERSION = YES;
				CLANG_WARN_NON_LITERAL_NULL_CONVERSION = YES;
				CLANG_WARN_OBJC_IMPLICIT_RETAIN_SELF = YES;
				CLANG_WARN_OBJC_LITERAL_CONVERSION = YES;
				CLANG_WARN_OBJC_ROOT_CLASS = YES_ERROR;
				CLANG_WARN_QUOTED_INCLUDE_IN_FRAMEWORK_HEADER = YES;
				CLANG_WARN_RANGE_LOOP_ANALYSIS = YES;
				CLANG_WARN_STRICT_PROTOTYPES = YES;
				CLANG_WARN_SUSPICIOUS_MOVE = YES;
				CLANG_WARN_UNGUARDED_AVAILABILITY = YES_AGGRESSIVE;
				CLANG_WARN_UNREACHABLE_CODE = YES;
				CLANG_WARN__DUPLICATE_METHOD_MATCH = YES;
				COPY_PHASE_STRIP = NO;
				DEBUG_INFORMATION_FORMAT = dwarf;
				ENABLE_STRICT_OBJC_MSGSEND = YES;
				ENABLE_TESTABILITY = YES;
				GCC_C_LANGUAGE_STANDARD = gnu11;
				GCC_DYNAMIC_NO_PIC = NO;
				GCC_NO_COMMON_BLOCKS = YES;
				GCC_OPTIMIZATION_LEVEL = 0;
				GCC_PREPROCESSOR_DEFINITIONS = (
					"DEBUG=1",
					"$(inherited)",
				);
				GCC_WARN_64_TO_32_BIT_CONVERSION = YES;
				GCC_WARN_ABOUT_RETURN_TYPE = YES_ERROR;
				GCC_WARN_UNDECLARED_SELECTOR = YES;
				GCC_WARN_UNINITIALIZED_AUTOS = YES_AGGRESSIVE;
				GCC_WARN_UNUSED_FUNCTION = YES;
				GCC_WARN_UNUSED_VARIABLE = YES;
				IPHONEOS_DEPLOYMENT_TARGET = 15.4;
				MTL_ENABLE_DEBUG_INFO = INCLUDE_SOURCE;
				MTL_FAST_MATH = YES;
				ONLY_ACTIVE_ARCH = YES;
				SDKROOT = iphoneos;
				SWIFT_ACTIVE_COMPILATION_CONDITIONS = DEBUG;
				SWIFT_OPTIMIZATION_LEVEL = "-Onone";
			};
			name = Debug;
		};
		137A9C8427FB749800282214 /* Release */ = {
			isa = XCBuildConfiguration;
			buildSettings = {
				ALWAYS_SEARCH_USER_PATHS = NO;
				CLANG_ANALYZER_LOCALIZABILITY_NONLOCALIZED = YES;
				CLANG_ANALYZER_NONNULL = YES;
				CLANG_ANALYZER_NUMBER_OBJECT_CONVERSION = YES_AGGRESSIVE;
				CLANG_CXX_LANGUAGE_STANDARD = "gnu++17";
				CLANG_ENABLE_MODULES = YES;
				CLANG_ENABLE_OBJC_ARC = YES;
				CLANG_ENABLE_OBJC_WEAK = YES;
				CLANG_WARN_BLOCK_CAPTURE_AUTORELEASING = YES;
				CLANG_WARN_BOOL_CONVERSION = YES;
				CLANG_WARN_COMMA = YES;
				CLANG_WARN_CONSTANT_CONVERSION = YES;
				CLANG_WARN_DEPRECATED_OBJC_IMPLEMENTATIONS = YES;
				CLANG_WARN_DIRECT_OBJC_ISA_USAGE = YES_ERROR;
				CLANG_WARN_DOCUMENTATION_COMMENTS = YES;
				CLANG_WARN_EMPTY_BODY = YES;
				CLANG_WARN_ENUM_CONVERSION = YES;
				CLANG_WARN_INFINITE_RECURSION = YES;
				CLANG_WARN_INT_CONVERSION = YES;
				CLANG_WARN_NON_LITERAL_NULL_CONVERSION = YES;
				CLANG_WARN_OBJC_IMPLICIT_RETAIN_SELF = YES;
				CLANG_WARN_OBJC_LITERAL_CONVERSION = YES;
				CLANG_WARN_OBJC_ROOT_CLASS = YES_ERROR;
				CLANG_WARN_QUOTED_INCLUDE_IN_FRAMEWORK_HEADER = YES;
				CLANG_WARN_RANGE_LOOP_ANALYSIS = YES;
				CLANG_WARN_STRICT_PROTOTYPES = YES;
				CLANG_WARN_SUSPICIOUS_MOVE = YES;
				CLANG_WARN_UNGUARDED_AVAILABILITY = YES_AGGRESSIVE;
				CLANG_WARN_UNREACHABLE_CODE = YES;
				CLANG_WARN__DUPLICATE_METHOD_MATCH = YES;
				COPY_PHASE_STRIP = NO;
				DEBUG_INFORMATION_FORMAT = "dwarf-with-dsym";
				ENABLE_NS_ASSERTIONS = NO;
				ENABLE_STRICT_OBJC_MSGSEND = YES;
				GCC_C_LANGUAGE_STANDARD = gnu11;
				GCC_NO_COMMON_BLOCKS = YES;
				GCC_WARN_64_TO_32_BIT_CONVERSION = YES;
				GCC_WARN_ABOUT_RETURN_TYPE = YES_ERROR;
				GCC_WARN_UNDECLARED_SELECTOR = YES;
				GCC_WARN_UNINITIALIZED_AUTOS = YES_AGGRESSIVE;
				GCC_WARN_UNUSED_FUNCTION = YES;
				GCC_WARN_UNUSED_VARIABLE = YES;
				IPHONEOS_DEPLOYMENT_TARGET = 15.4;
				MTL_ENABLE_DEBUG_INFO = NO;
				MTL_FAST_MATH = YES;
				SDKROOT = iphoneos;
				SWIFT_COMPILATION_MODE = wholemodule;
				SWIFT_OPTIMIZATION_LEVEL = "-O";
				VALIDATE_PRODUCT = YES;
			};
			name = Release;
		};
		137A9C8627FB749800282214 /* Debug */ = {
			isa = XCBuildConfiguration;
			buildSettings = {
				ASSETCATALOG_COMPILER_APPICON_NAME = AppIcon;
				ASSETCATALOG_COMPILER_GLOBAL_ACCENT_COLOR_NAME = AccentColor;
				CODE_SIGN_STYLE = Automatic;
				CURRENT_PROJECT_VERSION = 1;
				DEVELOPMENT_TEAM = 2QS23S8YVT;
				GENERATE_INFOPLIST_FILE = YES;
				INFOPLIST_FILE = CountriesApp/Info.plist;
				INFOPLIST_KEY_UIApplicationSupportsIndirectInputEvents = YES;
				INFOPLIST_KEY_UILaunchStoryboardName = LaunchScreen;
				INFOPLIST_KEY_UISupportedInterfaceOrientations = UIInterfaceOrientationPortrait;
				INFOPLIST_KEY_UISupportedInterfaceOrientations_iPad = "UIInterfaceOrientationPortrait UIInterfaceOrientationPortraitUpsideDown UIInterfaceOrientationLandscapeLeft UIInterfaceOrientationLandscapeRight";
				INFOPLIST_KEY_UISupportedInterfaceOrientations_iPhone = "UIInterfaceOrientationPortrait UIInterfaceOrientationLandscapeLeft UIInterfaceOrientationLandscapeRight";
				LD_RUNPATH_SEARCH_PATHS = (
					"$(inherited)",
					"@executable_path/Frameworks",
				);
				MARKETING_VERSION = 1.0;
				PRODUCT_BUNDLE_IDENTIFIER = dmitry.babaev.CountriesApp;
				PRODUCT_NAME = "$(TARGET_NAME)";
				SWIFT_EMIT_LOC_STRINGS = YES;
				SWIFT_VERSION = 5.0;
				TARGETED_DEVICE_FAMILY = 1;
			};
			name = Debug;
		};
		137A9C8727FB749800282214 /* Release */ = {
			isa = XCBuildConfiguration;
			buildSettings = {
				ASSETCATALOG_COMPILER_APPICON_NAME = AppIcon;
				ASSETCATALOG_COMPILER_GLOBAL_ACCENT_COLOR_NAME = AccentColor;
				CODE_SIGN_STYLE = Automatic;
				CURRENT_PROJECT_VERSION = 1;
				DEVELOPMENT_TEAM = 2QS23S8YVT;
				GENERATE_INFOPLIST_FILE = YES;
				INFOPLIST_FILE = CountriesApp/Info.plist;
				INFOPLIST_KEY_UIApplicationSupportsIndirectInputEvents = YES;
				INFOPLIST_KEY_UILaunchStoryboardName = LaunchScreen;
				INFOPLIST_KEY_UISupportedInterfaceOrientations = UIInterfaceOrientationPortrait;
				INFOPLIST_KEY_UISupportedInterfaceOrientations_iPad = "UIInterfaceOrientationPortrait UIInterfaceOrientationPortraitUpsideDown UIInterfaceOrientationLandscapeLeft UIInterfaceOrientationLandscapeRight";
				INFOPLIST_KEY_UISupportedInterfaceOrientations_iPhone = "UIInterfaceOrientationPortrait UIInterfaceOrientationLandscapeLeft UIInterfaceOrientationLandscapeRight";
				LD_RUNPATH_SEARCH_PATHS = (
					"$(inherited)",
					"@executable_path/Frameworks",
				);
				MARKETING_VERSION = 1.0;
				PRODUCT_BUNDLE_IDENTIFIER = dmitry.babaev.CountriesApp;
				PRODUCT_NAME = "$(TARGET_NAME)";
				SWIFT_EMIT_LOC_STRINGS = YES;
				SWIFT_VERSION = 5.0;
				TARGETED_DEVICE_FAMILY = 1;
			};
			name = Release;
		};
/* End XCBuildConfiguration section */

/* Begin XCConfigurationList section */
		137A9C6927FB749500282214 /* Build configuration list for PBXProject "CountriesApp" */ = {
			isa = XCConfigurationList;
			buildConfigurations = (
				137A9C8327FB749800282214 /* Debug */,
				137A9C8427FB749800282214 /* Release */,
			);
			defaultConfigurationIsVisible = 0;
			defaultConfigurationName = Release;
		};
		137A9C8527FB749800282214 /* Build configuration list for PBXNativeTarget "CountriesApp" */ = {
			isa = XCConfigurationList;
			buildConfigurations = (
				137A9C8627FB749800282214 /* Debug */,
				137A9C8727FB749800282214 /* Release */,
			);
			defaultConfigurationIsVisible = 0;
			defaultConfigurationName = Release;
		};
/* End XCConfigurationList section */

/* Begin XCVersionGroup section */
		137A9C7A27FB749600282214 /* CountriesApp.xcdatamodeld */ = {
			isa = XCVersionGroup;
			children = (
				137A9C7B27FB749600282214 /* CountriesApp.xcdatamodel */,
			);
			currentVersion = 137A9C7B27FB749600282214 /* CountriesApp.xcdatamodel */;
			path = CountriesApp.xcdatamodeld;
			sourceTree = "<group>";
			versionGroupType = wrapper.xcdatamodel;
		};
/* End XCVersionGroup section */
	};
	rootObject = 137A9C6627FB749500282214 /* Project object */;
}
